{
  "version": "3",
  "remote": {
    "https://edge.netlify.com/": "ff84a16f192fdb43db8b9dff869889f555c05857d075044d2a7cfa54c283a0a0",
    "https://edge.netlify.com/bootstrap/config.ts": "0aa0a225d978b89e0e62cbd853701605199e7a84095e55eeb70147faf1a24803",
    "https://edge.netlify.com/bootstrap/context.ts": "8f99269eeeeccf9b852e6089cc648c962a0ea20b2198b8b38b38e3b2ce2b9143",
    "https://edge.netlify.com/bootstrap/cookie.ts": "8b0baae708989ca183c6f3b4ab3d029e6abcbc2e43f93edeb0ff447b3bbc3a05",
    "https://edge.netlify.com/bootstrap/edge_function.ts": "b8253e86aa83c67341f5cfedeba5049d77fbf84dcab7eceff7566b7728ae9b39",
    "https://edge.netlify.com/bootstrap/globals.ts": "38f9e0be6c2c78206bf14d2387d41964d38bbe81644b3668e203c6f6473408a7"
  },
  "workspace": {
    "packageJson": {
      "dependencies": [
        "npm:@auth/core@^0.29.0",
        "npm:@auth/prisma-adapter@^1.5.2",
        "npm:@hookform/resolvers@^3.3.4",
        "npm:@neondatabase/serverless@^0.9.1",
        "npm:@netlify/plugin-nextjs@^5.3.2",
        "npm:@prisma/adapter-neon@^5.13.0",
        "npm:@prisma/client@^5.13.0",
        "npm:@radix-ui/react-aspect-ratio@^1.0.3",
        "npm:@radix-ui/react-avatar@^1.0.4",
        "npm:@radix-ui/react-dropdown-menu@^2.0.6",
        "npm:@radix-ui/react-hover-card@^1.0.7",
        "npm:@radix-ui/react-label@^2.0.2",
        "npm:@radix-ui/react-select@^2.0.0",
        "npm:@radix-ui/react-separator@^1.0.3",
        "npm:@radix-ui/react-slot@^1.0.2",
        "npm:@radix-ui/react-tooltip@^1.0.7",
        "npm:@types/bcryptjs@^2.4.6",
        "npm:@types/node@^20",
        "npm:@types/react-dom@^18",
        "npm:@types/react@^18",
        "npm:@typescript-eslint/eslint-plugin@^7.3.1",
        "npm:@typescript-eslint/parser@^7.3.1",
        "npm:@uploadthing/react@^6.4.4",
        "npm:autoprefixer@^10.0.1",
        "npm:bcryptjs@^2.4.3",
        "npm:class-variance-authority@^0.7.0",
        "npm:clsx@^2.1.0",
        "npm:eslint-config-next@14.1.4",
        "npm:eslint-config-prettier@^9.1.0",
        "npm:eslint-plugin-prettier@^5.1.3",
        "npm:eslint-plugin-react-hooks@^4.6.0",
        "npm:eslint-plugin-react-refresh@^0.4.6",
        "npm:eslint-plugin-simple-import-sort@^12.0.0",
        "npm:eslint@^8",
        "npm:lucide-react@^0.364.0",
        "npm:next-auth@5.0.0-beta.16",
        "npm:next-themes@^0.3.0",
        "npm:next@14.2.3",
        "npm:only-allow@^1.2.1",
        "npm:postcss@^8",
        "npm:prettier-plugin-tailwindcss@^0.5.12",
        "npm:prettier@^3.2.5",
        "npm:prisma@^5.13.0",
        "npm:react-dom@^18",
        "npm:react-hook-form@^7.51.2",
        "npm:react-icons@^5.2.1",
        "npm:react-responsive@^10.0.0",
        "npm:react-string-replace@^1.1.1",
        "npm:react@^18",
        "npm:tailwind-merge@^2.2.2",
        "npm:tailwindcss-animate@^1.0.7",
        "npm:tailwindcss-animated@^1.0.1",
        "npm:tailwindcss@^3.3.0",
        "npm:ts-sse@^0.0.6",
        "npm:typescript@^5",
        "npm:uploadthing@^6.9.0",
        "npm:zod-form-data@^2.0.2",
        "npm:zod@^3.22.4"
      ]
    }
  }
}
